
Microsoft Visual Studio Solution File, Format Version 12.00
# Visual Studio Version 16
VisualStudioVersion = 16.0.31624.102
MinimumVisualStudioVersion = 10.0.40219.1
Project("{9A19103F-16F7-4668-BE54-9A1E7A4F7556}") = "PlaywrightDemo", "PlaywrightDemo\PlaywrightDemo.csproj", "{74E36CC0-F27F-4B90-B63D-9ECF364CEE27}"
EndProject
Project("{9A19103F-16F7-4668-BE54-9A1E7A4F7556}") = "PlaywrightDemo.Tests.UI", "PlaywrightDemo.Tests.UI\PlaywrightDemo.Tests.UI.csproj", "{6DB2F3C2-6B87-4711-9B23-FF88494B5DF3}"
EndProject
Global
	GlobalSection(SolutionConfigurationPlatforms) = preSolution
		Debug|Any CPU = Debug|Any CPU
		Release|Any CPU = Release|Any CPU
	EndGlobalSection
	GlobalSection(ProjectConfigurationPlatforms) = postSolution
		{74E36CC0-F27F-4B90-B63D-9ECF364CEE27}.Debug|Any CPU.ActiveCfg = Debug|Any CPU
		{74E36CC0-F27F-4B90-B63D-9ECF364CEE27}.Debug|Any CPU.Build.0 = Debug|Any CPU
		{74E36CC0-F27F-4B90-B63D-9ECF364CEE27}.Release|Any CPU.ActiveCfg = Release|Any CPU
		{74E36CC0-F27F-4B90-B63D-9ECF364CEE27}.Release|Any CPU.Build.0 = Release|Any CPU
		{6DB2F3C2-6B87-4711-9B23-FF88494B5DF3}.Debug|Any CPU.ActiveCfg = Debug|Any CPU
		{6DB2F3C2-6B87-4711-9B23-FF88494B5DF3}.Debug|Any CPU.Build.0 = Debug|Any CPU
		{6DB2F3C2-6B87-4711-9B23-FF88494B5DF3}.Release|Any CPU.ActiveCfg = Release|Any CPU
		{6DB2F3C2-6B87-4711-9B23-FF88494B5DF3}.Release|Any CPU.Build.0 = Release|Any CPU
	EndGlobalSection
	GlobalSection(SolutionProperties) = preSolution
		HideSolutionNode = FALSE
	EndGlobalSection
	GlobalSection(NestedProjects) = preSolution
	EndGlobalSection
	GlobalSection(ExtensibilityGlobals) = postSolution
		SolutionGuid = {C9469A10-3959-4892-816B-177C0658F85E}
	EndGlobalSection
EndGlobal
